
Microsoft Visual Studio Solution File, Format Version 12.00
# Visual Studio Version 17
VisualStudioVersion = 17.10.35122.118
MinimumVisualStudioVersion = 10.0.40219.1
Project("{FAE04EC0-301F-11D3-BF4B-00C04F79EFBC}") = "CRXLogon", "CRXLogon\CRXLogon.csproj", "{356C69FF-D88E-4FCF-AD3D-64AED3C58B2F}"
EndProject
Project("{840C416C-B8F3-42BC-B0DD-F6BB14C9F8CB}") = "CRXLogonSetup", "CRXLogonSetup\CRXLogonSetup.aiproj", "{ABC67AFD-9FC4-4909-AC67-DDE4811267A1}"
EndProject
Global
	GlobalSection(SolutionConfigurationPlatforms) = preSolution
		All|Any CPU = All|Any CPU
		All|x86 = All|x86
		Debug|Any CPU = Debug|Any CPU
		Debug|x86 = Debug|x86
		DefaultBuild|Any CPU = DefaultBuild|Any CPU
		DefaultBuild|x86 = DefaultBuild|x86
		Release|Any CPU = Release|Any CPU
		Release|x86 = Release|x86
	EndGlobalSection
	GlobalSection(ProjectConfigurationPlatforms) = postSolution
		{356C69FF-D88E-4FCF-AD3D-64AED3C58B2F}.All|Any CPU.ActiveCfg = Release|Any CPU
		{356C69FF-D88E-4FCF-AD3D-64AED3C58B2F}.All|Any CPU.Build.0 = Release|Any CPU
		{356C69FF-D88E-4FCF-AD3D-64AED3C58B2F}.All|x86.ActiveCfg = Release|Any CPU
		{356C69FF-D88E-4FCF-AD3D-64AED3C58B2F}.All|x86.Build.0 = Release|Any CPU
		{356C69FF-D88E-4FCF-AD3D-64AED3C58B2F}.Debug|Any CPU.ActiveCfg = Debug|Any CPU
		{356C69FF-D88E-4FCF-AD3D-64AED3C58B2F}.Debug|Any CPU.Build.0 = Debug|Any CPU
		{356C69FF-D88E-4FCF-AD3D-64AED3C58B2F}.Debug|x86.ActiveCfg = Debug|Any CPU
		{356C69FF-D88E-4FCF-AD3D-64AED3C58B2F}.Debug|x86.Build.0 = Debug|Any CPU
		{356C69FF-D88E-4FCF-AD3D-64AED3C58B2F}.DefaultBuild|Any CPU.ActiveCfg = Debug|Any CPU
		{356C69FF-D88E-4FCF-AD3D-64AED3C58B2F}.DefaultBuild|Any CPU.Build.0 = Debug|Any CPU
		{356C69FF-D88E-4FCF-AD3D-64AED3C58B2F}.DefaultBuild|x86.ActiveCfg = Debug|Any CPU
		{356C69FF-D88E-4FCF-AD3D-64AED3C58B2F}.DefaultBuild|x86.Build.0 = Debug|Any CPU
		{356C69FF-D88E-4FCF-AD3D-64AED3C58B2F}.Release|Any CPU.ActiveCfg = Release|Any CPU
		{356C69FF-D88E-4FCF-AD3D-64AED3C58B2F}.Release|Any CPU.Build.0 = Release|Any CPU
		{356C69FF-D88E-4FCF-AD3D-64AED3C58B2F}.Release|x86.ActiveCfg = Release|Any CPU
		{356C69FF-D88E-4FCF-AD3D-64AED3C58B2F}.Release|x86.Build.0 = Release|Any CPU
		{ABC67AFD-9FC4-4909-AC67-DDE4811267A1}.All|Any CPU.ActiveCfg = DefaultBuild
		{ABC67AFD-9FC4-4909-AC67-DDE4811267A1}.All|Any CPU.Build.0 = DefaultBuild
		{ABC67AFD-9FC4-4909-AC67-DDE4811267A1}.All|x86.ActiveCfg = DefaultBuild
		{ABC67AFD-9FC4-4909-AC67-DDE4811267A1}.All|x86.Build.0 = DefaultBuild
		{ABC67AFD-9FC4-4909-AC67-DDE4811267A1}.Debug|Any CPU.ActiveCfg = DefaultBuild
		{ABC67AFD-9FC4-4909-AC67-DDE4811267A1}.Debug|Any CPU.Build.0 = DefaultBuild
		{ABC67AFD-9FC4-4909-AC67-DDE4811267A1}.Debug|x86.ActiveCfg = DefaultBuild
		{ABC67AFD-9FC4-4909-AC67-DDE4811267A1}.Debug|x86.Build.0 = DefaultBuild
		{ABC67AFD-9FC4-4909-AC67-DDE4811267A1}.DefaultBuild|Any CPU.ActiveCfg = DefaultBuild
		{ABC67AFD-9FC4-4909-AC67-DDE4811267A1}.DefaultBuild|Any CPU.Build.0 = DefaultBuild
		{ABC67AFD-9FC4-4909-AC67-DDE4811267A1}.DefaultBuild|x86.ActiveCfg = DefaultBuild
		{ABC67AFD-9FC4-4909-AC67-DDE4811267A1}.DefaultBuild|x86.Build.0 = DefaultBuild
		{ABC67AFD-9FC4-4909-AC67-DDE4811267A1}.Release|Any CPU.ActiveCfg = DefaultBuild
		{ABC67AFD-9FC4-4909-AC67-DDE4811267A1}.Release|Any CPU.Build.0 = DefaultBuild
		{ABC67AFD-9FC4-4909-AC67-DDE4811267A1}.Release|x86.ActiveCfg = DefaultBuild
		{ABC67AFD-9FC4-4909-AC67-DDE4811267A1}.Release|x86.Build.0 = DefaultBuild
	EndGlobalSection
	GlobalSection(SolutionProperties) = preSolution
		HideSolutionNode = FALSE
	EndGlobalSection
	GlobalSection(ExtensibilityGlobals) = postSolution
		SolutionGuid = {7223D70A-AAD6-4B8B-997F-4D45A6DF1D43}
	EndGlobalSection
EndGlobal
